{
  "version": 4,
  "terraform_version": "0.14.4",
  "serial": 70,
  "lineage": "2baef1ba-1ac7-8cf3-9e9c-f3b56f605bff",
  "outputs": {},
  "resources": [
    {
      "mode": "data",
      "type": "google_compute_network",
      "name": "shared_vpc",
      "provider": "provider[\"registry.terraform.io/hashicorp/google\"]",
      "instances": [
        {
          "schema_version": 0,
          "attributes": {
            "description": "",
            "gateway_ipv4": "",
            "id": "projects/vpc-nonprod-4caf/global/networks/vpc-network",
            "name": "vpc-network",
            "project": "vpc-nonprod-4caf",
            "self_link": "https://www.googleapis.com/compute/v1/projects/vpc-nonprod-4caf/global/networks/vpc-network",
            "subnetworks_self_links": [
              "https://www.googleapis.com/compute/v1/projects/vpc-nonprod-4caf/regions/europe-west6/subnetworks/non-prod-private-us-central1"
            ]
          },
          "sensitive_attributes": []
        }
      ]
    },
    {
      "mode": "data",
      "type": "google_compute_subnetwork",
      "name": "shared_subnet",
      "provider": "provider[\"registry.terraform.io/hashicorp/google\"]",
      "instances": [
        {
          "schema_version": 0,
          "attributes": {
            "description": "",
            "gateway_address": "10.2.0.1",
            "id": "projects/vpc-nonprod-4caf/regions/europe-west6/subnetworks/non-prod-private-us-central1",
            "ip_cidr_range": "10.2.0.0/16",
            "name": "non-prod-private-us-central1",
            "network": "https://www.googleapis.com/compute/v1/projects/vpc-nonprod-4caf/global/networks/vpc-network",
            "private_ip_google_access": false,
            "project": "vpc-nonprod-4caf",
            "region": "europe-west6",
            "secondary_ip_range": [
              {
                "ip_cidr_range": "192.168.0.0/16",
                "range_name": "non-prod-private-us-central1-secondary"
              }
            ],
            "self_link": "https://www.googleapis.com/compute/v1/projects/vpc-nonprod-4caf/regions/europe-west6/subnetworks/non-prod-private-us-central1"
          },
          "sensitive_attributes": []
        }
      ]
    },
    {
      "mode": "managed",
      "type": "google_container_cluster",
      "name": "primary",
      "provider": "provider[\"registry.terraform.io/hashicorp/google-beta\"]",
      "instances": [
        {
          "schema_version": 1,
          "attributes": {
            "addons_config": [
              {
                "cloudrun_config": [],
                "config_connector_config": [],
                "dns_cache_config": [],
                "gce_persistent_disk_csi_driver_config": [],
                "horizontal_pod_autoscaling": [],
                "http_load_balancing": [],
                "istio_config": [],
                "kalm_config": [],
                "network_policy_config": [
                  {
                    "disabled": true
                  }
                ]
              }
            ],
            "authenticator_groups_config": [],
            "cluster_autoscaling": [
              {
                "auto_provisioning_defaults": [],
                "autoscaling_profile": "BALANCED",
                "enabled": false,
                "resource_limits": []
              }
            ],
            "cluster_ipv4_cidr": "192.168.0.0/16",
            "cluster_telemetry": [
              {
                "type": "ENABLED"
              }
            ],
            "confidential_nodes": [],
            "database_encryption": [
              {
                "key_name": "",
                "state": "DECRYPTED"
              }
            ],
            "datapath_provider": "",
            "default_max_pods_per_node": 110,
            "default_snat_status": [
              {
                "disabled": false
              }
            ],
            "description": "",
            "enable_binary_authorization": false,
            "enable_intranode_visibility": false,
            "enable_kubernetes_alpha": false,
            "enable_legacy_abac": false,
            "enable_shielded_nodes": false,
            "enable_tpu": false,
            "endpoint": "34.65.227.91",
            "id": "projects/gke-learning-4caf/locations/europe-west6-a/clusters/my-gke-cluster",
            "initial_node_count": 1,
            "instance_group_urls": [],
            "ip_allocation_policy": [
              {
                "cluster_ipv4_cidr_block": "192.168.0.0/16",
                "cluster_secondary_range_name": "non-prod-private-us-central1-secondary",
                "services_ipv4_cidr_block": "192.168.0.0/16",
                "services_secondary_range_name": "non-prod-private-us-central1-secondary"
              }
            ],
            "label_fingerprint": "a9dc16a7",
            "location": "europe-west6-a",
            "logging_service": "logging.googleapis.com/kubernetes",
            "maintenance_policy": [],
            "master_auth": [
              {
                "client_certificate": "",
                "client_certificate_config": [
                  {
                    "issue_client_certificate": false
                  }
                ],
                "client_key": "",
                "cluster_ca_certificate": "LS0tLS1CRUdJTiBDRVJUSUZJQ0FURS0tLS0tCk1JSURLakNDQWhLZ0F3SUJBZ0lRTVdCZWlRUEhNTENkUTVtUUZnclRzREFOQmdrcWhraUc5dzBCQVFzRkFEQXYKTVMwd0t3WURWUVFERXlRMVptTTRPR0k0T1Mxa1pEVm1MVFF5TlRNdE9XVTRPQzFqWldRNU16ZGtNV0l4TXpFdwpIaGNOTWpFd01USTFNRGN6TmpJd1doY05Nall3TVRJME1EZ3pOakl3V2pBdk1TMHdLd1lEVlFRREV5UTFabU00Ck9HSTRPUzFrWkRWbUxUUXlOVE10T1dVNE9DMWpaV1E1TXpka01XSXhNekV3Z2dFaU1BMEdDU3FHU0liM0RRRUIKQVFVQUE0SUJEd0F3Z2dFS0FvSUJBUUNNYzZiZ1RBb282aEVkeFFib0d0aHVXYTliSzJYUG5HTFArdXJNNjlZaQpXbE9naGw0UHFpaFh3MGJkV0kzM1BDeWZXeEZDNmRjekFpcGZQZW9BZktTV2p0Y25kWDJYbmZudmVPSnJ2eUYzCnN1M3dmK1AzaFhCSUg1Ujg2LzhzTFI2TjhrT0hQQ2RKRUVJcTlMbnNpcXNvbUVLeWlaQ2laRk9BNHZ4WTF5eTkKR2J3eDJlV0Z3bWp5QUV2VUQ5VXJibU5ENjhaaW1FWklCUEhUbTVidzJSTmNGRndwcy9tdU5ESjdlWGNXblllMgpPTnVmelJFdGtqNGh2TVY4VHcwQk0rbGJmZEl2emh3NUs1T0VBS3RKOFFkQ0RlYXNqOVEydTdPWGN3WFVHaS9WCk1PN2xOWTUxb1FBR3J4NGdKaUpiUGY2eGkwTDlJRDFmYTlGelRBTnFOTTVsQWdNQkFBR2pRakJBTUE0R0ExVWQKRHdFQi93UUVBd0lDQkRBUEJnTlZIUk1CQWY4RUJUQURBUUgvTUIwR0ExVWREZ1FXQkJTQitHbW41alFHL1VqNApFdVF1SmllU1BvaXJ4ekFOQmdrcWhraUc5dzBCQVFzRkFBT0NBUUVBQmg1WDFDNzlUTm5TVjM4cUZxYU1mYVVCClMvUExlV05sZWR4eW5kaXhLdWtWU1RvVDltMXpRVXpRRTVYdy9yMVBzMXRaWmYzV1R4RVEvR3VyRDVydG9LaVYKV0RweXl6UzVxT3VsUlVnSC9NRE5Ib2lDUXdIeklWZCsxM1NheG1ZbGc4ZURFamFJMlNBR3laVGdnVVZDV0gvWQptS21ld1BhVnBjVXpXSlFIUUR4akxBTHJSTWFqWHd2RjNPRlE2UEE4bGpwcmxSVnNCUldCZDVncGI1eENtMTBYCmhSZFdON1ZpUXhhQUVvb3ZwWTRwNGdxcFc5TDNqaUg1RURQWFZROGZlRjBDK2l0aEhrVFE4eXpxYkhNSThISVAKWnFqa0tuak9YT09jRzVQVDNIdlkycmMvR21SN1g4clBYaHY5V2RleHplaGgxaW1NblZrRVZmM3lLeTR3Mnc9PQotLS0tLUVORCBDRVJUSUZJQ0FURS0tLS0tCg==",
                "password": "",
                "username": ""
              }
            ],
            "master_authorized_networks_config": [],
            "master_version": "1.16.15-gke.6000",
            "min_master_version": null,
            "monitoring_service": "monitoring.googleapis.com/kubernetes",
            "name": "my-gke-cluster",
            "network": "projects/vpc-nonprod-4caf/global/networks/vpc-network",
            "network_policy": [
              {
                "enabled": false,
                "provider": "PROVIDER_UNSPECIFIED"
              }
            ],
            "networking_mode": "VPC_NATIVE",
            "node_config": [],
            "node_locations": [],
            "node_pool": [],
            "node_version": "1.16.15-gke.6000",
            "notification_config": [
              {
                "pubsub": [
                  {
                    "enabled": false,
                    "topic": ""
                  }
                ]
              }
            ],
            "operation": null,
            "pod_security_policy_config": [
              {
                "enabled": false
              }
            ],
            "private_cluster_config": [],
            "project": "gke-learning-4caf",
            "release_channel": [
              {
                "channel": "UNSPECIFIED"
              }
            ],
            "remove_default_node_pool": true,
            "resource_labels": null,
            "resource_usage_export_config": [],
            "self_link": "https://container.googleapis.com/v1beta1/projects/gke-learning-4caf/zones/europe-west6-a/clusters/my-gke-cluster",
            "services_ipv4_cidr": "192.168.0.0/16",
            "subnetwork": "projects/vpc-nonprod-4caf/regions/europe-west6/subnetworks/non-prod-private-us-central1",
            "timeouts": null,
            "tpu_ipv4_cidr_block": "",
            "vertical_pod_autoscaling": [],
            "workload_identity_config": []
          },
          "sensitive_attributes": [],
          "private": "eyJlMmJmYjczMC1lY2FhLTExZTYtOGY4OC0zNDM2M2JjN2M0YzAiOnsiY3JlYXRlIjoyNDAwMDAwMDAwMDAwLCJkZWxldGUiOjI0MDAwMDAwMDAwMDAsInJlYWQiOjI0MDAwMDAwMDAwMDAsInVwZGF0ZSI6MzYwMDAwMDAwMDAwMH0sInNjaGVtYV92ZXJzaW9uIjoiMSJ9",
          "dependencies": [
            "data.google_compute_network.shared_vpc",
            "data.google_compute_subnetwork.shared_subnet"
          ]
        }
      ]
    },
    {
      "mode": "managed",
      "type": "google_container_node_pool",
      "name": "primary_preemptible_nodes",
      "provider": "provider[\"registry.terraform.io/hashicorp/google\"]",
      "instances": [
        {
          "schema_version": 1,
          "attributes": {
            "autoscaling": [],
            "cluster": "my-gke-cluster",
            "id": "projects/gke-learning-4caf/locations/europe-west6-a/clusters/my-gke-cluster/nodePools/my-node-pool",
            "initial_node_count": 2,
            "instance_group_urls": [
              "https://www.googleapis.com/compute/v1/projects/gke-learning-4caf/zones/europe-west6-a/instanceGroupManagers/gke-my-gke-cluster-my-node-pool-c78f8255-grp"
            ],
            "location": "europe-west6-a",
            "management": [
              {
                "auto_repair": true,
                "auto_upgrade": true
              }
            ],
            "max_pods_per_node": 110,
            "name": "my-node-pool",
            "name_prefix": "",
            "node_config": [
              {
                "disk_size_gb": 100,
                "disk_type": "pd-standard",
                "guest_accelerator": [],
                "image_type": "COS",
                "labels": {},
                "local_ssd_count": 0,
                "machine_type": "e2-standard-4",
                "metadata": {
                  "disable-legacy-endpoints": "true"
                },
                "min_cpu_platform": "",
                "oauth_scopes": [
                  "https://www.googleapis.com/auth/logging.write",
                  "https://www.googleapis.com/auth/monitoring"
                ],
                "preemptible": false,
                "service_account": "default",
                "shielded_instance_config": [
                  {
                    "enable_integrity_monitoring": true,
                    "enable_secure_boot": false
                  }
                ],
                "tags": null,
                "taint": [],
                "workload_metadata_config": []
              }
            ],
            "node_count": 2,
            "node_locations": [
              "europe-west6-a"
            ],
            "project": "gke-learning-4caf",
            "timeouts": null,
            "upgrade_settings": [
              {
                "max_surge": 1,
                "max_unavailable": 0
              }
            ],
            "version": "1.16.15-gke.6000"
          },
          "sensitive_attributes": [],
          "private": "eyJlMmJmYjczMC1lY2FhLTExZTYtOGY4OC0zNDM2M2JjN2M0YzAiOnsiY3JlYXRlIjoxODAwMDAwMDAwMDAwLCJkZWxldGUiOjE4MDAwMDAwMDAwMDAsInVwZGF0ZSI6MTgwMDAwMDAwMDAwMH0sInNjaGVtYV92ZXJzaW9uIjoiMSJ9",
          "dependencies": [
            "data.google_compute_network.shared_vpc",
            "data.google_compute_subnetwork.shared_subnet",
            "google_container_cluster.primary"
          ]
        }
      ]
    }
  ]
}
