{
  "version": 4,
  "terraform_version": "0.14.4",
  "serial": 67,
  "lineage": "62aea783-e168-719b-541e-269f6cdc6dae",
  "outputs": {},
  "resources": [
    {
      "module": "module.bootstrap",
      "mode": "managed",
      "type": "google_organization_iam_binding",
      "name": "billing_creator",
      "provider": "provider[\"registry.terraform.io/hashicorp/google\"]",
      "instances": [
        {
          "schema_version": 0,
          "attributes": {
            "condition": [],
            "etag": "BwW5VNa5kiQ=",
            "id": "422558716844/roles/billing.creator",
            "members": [
              "group:gcp-billing-admins@thetechnovator.com"
            ],
            "org_id": "422558716844",
            "role": "roles/billing.creator"
          },
          "sensitive_attributes": []
        }
      ]
    },
    {
      "module": "module.bootstrap",
      "mode": "managed",
      "type": "google_organization_iam_binding",
      "name": "project_creator",
      "provider": "provider[\"registry.terraform.io/hashicorp/google\"]",
      "instances": [
        {
          "index_key": 0,
          "schema_version": 0,
          "attributes": {
            "condition": [],
            "etag": "BwW5VNa5kiQ=",
            "id": "422558716844/roles/resourcemanager.projectCreator",
            "members": [
              "group:gcp-organization-admins@thetechnovator.com",
              "serviceAccount:org-terraform@cft-seed-d433.iam.gserviceaccount.com"
            ],
            "org_id": "422558716844",
            "role": "roles/resourcemanager.projectCreator"
          },
          "sensitive_attributes": []
        }
      ]
    },
    {
      "module": "module.bootstrap",
      "mode": "managed",
      "type": "google_organization_iam_member",
      "name": "org_admins_group",
      "provider": "provider[\"registry.terraform.io/hashicorp/google\"]",
      "instances": [
        {
          "index_key": "roles/billing.user",
          "schema_version": 0,
          "attributes": {
            "condition": [],
            "etag": "BwW5VNa5kiQ=",
            "id": "422558716844/roles/billing.user/group:gcp-organization-admins@thetechnovator.com",
            "member": "group:gcp-organization-admins@thetechnovator.com",
            "org_id": "422558716844",
            "role": "roles/billing.user"
          },
          "sensitive_attributes": []
        }
      ]
    },
    {
      "module": "module.bootstrap",
      "mode": "managed",
      "type": "google_organization_iam_member",
      "name": "tf_sa_org_perms",
      "provider": "provider[\"registry.terraform.io/hashicorp/google\"]",
      "instances": [
        {
          "index_key": "roles/billing.user",
          "schema_version": 0,
          "attributes": {
            "condition": [],
            "etag": "BwW5VNa5kiQ=",
            "id": "422558716844/roles/billing.user/serviceaccount:org-terraform@cft-seed-d433.iam.gserviceaccount.com",
            "member": "serviceAccount:org-terraform@cft-seed-d433.iam.gserviceaccount.com",
            "org_id": "422558716844",
            "role": "roles/billing.user"
          },
          "sensitive_attributes": []
        },
        {
          "index_key": "roles/compute.xpnAdmin",
          "schema_version": 0,
          "attributes": {
            "condition": [],
            "etag": "BwW5VNa5kiQ=",
            "id": "422558716844/roles/compute.xpnAdmin/serviceaccount:org-terraform@cft-seed-d433.iam.gserviceaccount.com",
            "member": "serviceAccount:org-terraform@cft-seed-d433.iam.gserviceaccount.com",
            "org_id": "422558716844",
            "role": "roles/compute.xpnAdmin"
          },
          "sensitive_attributes": []
        },
        {
          "index_key": "roles/iam.securityAdmin",
          "schema_version": 0,
          "attributes": {
            "condition": [],
            "etag": "BwW5VNa5kiQ=",
            "id": "422558716844/roles/iam.securityAdmin/serviceaccount:org-terraform@cft-seed-d433.iam.gserviceaccount.com",
            "member": "serviceAccount:org-terraform@cft-seed-d433.iam.gserviceaccount.com",
            "org_id": "422558716844",
            "role": "roles/iam.securityAdmin"
          },
          "sensitive_attributes": []
        },
        {
          "index_key": "roles/iam.serviceAccountAdmin",
          "schema_version": 0,
          "attributes": {
            "condition": [],
            "etag": "BwW5VNa5kiQ=",
            "id": "422558716844/roles/iam.serviceAccountAdmin/serviceaccount:org-terraform@cft-seed-d433.iam.gserviceaccount.com",
            "member": "serviceAccount:org-terraform@cft-seed-d433.iam.gserviceaccount.com",
            "org_id": "422558716844",
            "role": "roles/iam.serviceAccountAdmin"
          },
          "sensitive_attributes": []
        },
        {
          "index_key": "roles/resourcemanager.folderAdmin",
          "schema_version": 0,
          "attributes": {
            "condition": [],
            "etag": "BwW5VNa5kiQ=",
            "id": "422558716844/roles/resourcemanager.folderAdmin/serviceaccount:org-terraform@cft-seed-d433.iam.gserviceaccount.com",
            "member": "serviceAccount:org-terraform@cft-seed-d433.iam.gserviceaccount.com",
            "org_id": "422558716844",
            "role": "roles/resourcemanager.folderAdmin"
          },
          "sensitive_attributes": []
        }
      ]
    },
    {
      "module": "module.bootstrap",
      "mode": "managed",
      "type": "google_organization_iam_member",
      "name": "tmp_project_creator",
      "provider": "provider[\"registry.terraform.io/hashicorp/google\"]",
      "instances": [
        {
          "index_key": 0,
          "schema_version": 0,
          "attributes": {
            "condition": [],
            "etag": "BwW5VNa5kiQ=",
            "id": "422558716844/roles/resourcemanager.projectCreator/group:gcp-organization-admins@thetechnovator.com",
            "member": "group:gcp-organization-admins@thetechnovator.com",
            "org_id": "422558716844",
            "role": "roles/resourcemanager.projectCreator"
          },
          "sensitive_attributes": []
        }
      ]
    }
  ]
}
